Microsoft Visual Studio Solution File, Format Version 12.00
# Visual Studio 15
VisualStudioVersion = 15.0.28307.539
MinimumVisualStudioVersion = 10.0.40219.1
Project("{9A19103F-16F7-4668-BE54-9A1E7A4F7556}") = "i4prj.SmartCab", "i4prj.SmartCab\i4prj.SmartCab\i4prj.SmartCab.csproj", "{013C19A2-95C8-433C-B97A-83B7785454ED}"
EndProject
Project("{FAE04EC0-301F-11D3-BF4B-00C04F79EFBC}") = "i4prj.SmartCab.Android", "i4prj.SmartCab\i4prj.SmartCab.Android\i4prj.SmartCab.Android.csproj", "{6DE87187-D74D-4BEE-9D22-F1F21FF9EA8E}"
EndProject
Global
	GlobalSection(SolutionConfigurationPlatforms) = preSolution
		Debug|Any CPU = Debug|Any CPU
		Release|Any CPU = Release|Any CPU
	EndGlobalSection
	GlobalSection(ProjectConfigurationPlatforms) = postSolution
		{013C19A2-95C8-433C-B97A-83B7785454ED}.Debug|Any CPU.ActiveCfg = Debug|Any CPU
		{013C19A2-95C8-433C-B97A-83B7785454ED}.Debug|Any CPU.Build.0 = Debug|Any CPU
		{013C19A2-95C8-433C-B97A-83B7785454ED}.Release|Any CPU.ActiveCfg = Release|Any CPU
		{013C19A2-95C8-433C-B97A-83B7785454ED}.Release|Any CPU.Build.0 = Release|Any CPU
		{6DE87187-D74D-4BEE-9D22-F1F21FF9EA8E}.Debug|Any CPU.ActiveCfg = Debug|Any CPU
		{6DE87187-D74D-4BEE-9D22-F1F21FF9EA8E}.Debug|Any CPU.Build.0 = Debug|Any CPU
		{6DE87187-D74D-4BEE-9D22-F1F21FF9EA8E}.Debug|Any CPU.Deploy.0 = Debug|Any CPU
		{6DE87187-D74D-4BEE-9D22-F1F21FF9EA8E}.Release|Any CPU.ActiveCfg = Release|Any CPU
		{6DE87187-D74D-4BEE-9D22-F1F21FF9EA8E}.Release|Any CPU.Build.0 = Release|Any CPU
	EndGlobalSection
	GlobalSection(SolutionProperties) = preSolution
		HideSolutionNode = FALSE
	EndGlobalSection
	GlobalSection(ExtensibilityGlobals) = postSolution
		SolutionGuid = {F2B647E8-8228-4AF5-8A07-8D0174248927}
	EndGlobalSection
EndGlobal
